
Microsoft Visual Studio Solution File, Format Version 12.00
# Visual Studio Version 16
VisualStudioVersion = 16.0.31424.327
MinimumVisualStudioVersion = 10.0.40219.1
Project("{FAE04EC0-301F-11D3-BF4B-00C04F79EFBC}") = "hs.txt.bl", "hs.txt.bl\hs.txt.bl.csproj", "{F7A8A028-14C5-4EFC-8FE5-2826927DCD28}"
EndProject
Project("{FAE04EC0-301F-11D3-BF4B-00C04F79EFBC}") = "hs.txt.da", "hs.txt.da\hs.txt.da.csproj", "{6714CFC4-0BC9-4714-9AD3-925C03E0E422}"
EndProject
Project("{FAE04EC0-301F-11D3-BF4B-00C04F79EFBC}") = "hs.txt.sw", "hs.txt.sw\hs.txt.sw.csproj", "{1AD482A3-57E0-41F9-90E6-E5C332998D12}"
EndProject
Project("{FAE04EC0-301F-11D3-BF4B-00C04F79EFBC}") = "hs.txt.ut", "hs.txt.ut\hs.txt.ut.csproj", "{61364A27-7BEE-409B-B0C7-467E93F19AA3}"
EndProject
Project("{FAE04EC0-301F-11D3-BF4B-00C04F79EFBC}") = "hs.txt.be", "hs.txt.be\hs.txt.be.csproj", "{DCDC5183-BCCD-4A8A-80DB-3CD74299C52F}"
EndProject
Global
	GlobalSection(SolutionConfigurationPlatforms) = preSolution
		Debug|Any CPU = Debug|Any CPU
		Release|Any CPU = Release|Any CPU
	EndGlobalSection
	GlobalSection(ProjectConfigurationPlatforms) = postSolution
		{F7A8A028-14C5-4EFC-8FE5-2826927DCD28}.Debug|Any CPU.ActiveCfg = Debug|Any CPU
		{F7A8A028-14C5-4EFC-8FE5-2826927DCD28}.Debug|Any CPU.Build.0 = Debug|Any CPU
		{F7A8A028-14C5-4EFC-8FE5-2826927DCD28}.Release|Any CPU.ActiveCfg = Release|Any CPU
		{F7A8A028-14C5-4EFC-8FE5-2826927DCD28}.Release|Any CPU.Build.0 = Release|Any CPU
		{6714CFC4-0BC9-4714-9AD3-925C03E0E422}.Debug|Any CPU.ActiveCfg = Debug|Any CPU
		{6714CFC4-0BC9-4714-9AD3-925C03E0E422}.Debug|Any CPU.Build.0 = Debug|Any CPU
		{6714CFC4-0BC9-4714-9AD3-925C03E0E422}.Release|Any CPU.ActiveCfg = Release|Any CPU
		{6714CFC4-0BC9-4714-9AD3-925C03E0E422}.Release|Any CPU.Build.0 = Release|Any CPU
		{1AD482A3-57E0-41F9-90E6-E5C332998D12}.Debug|Any CPU.ActiveCfg = Debug|Any CPU
		{1AD482A3-57E0-41F9-90E6-E5C332998D12}.Debug|Any CPU.Build.0 = Debug|Any CPU
		{1AD482A3-57E0-41F9-90E6-E5C332998D12}.Release|Any CPU.ActiveCfg = Release|Any CPU
		{1AD482A3-57E0-41F9-90E6-E5C332998D12}.Release|Any CPU.Build.0 = Release|Any CPU
		{61364A27-7BEE-409B-B0C7-467E93F19AA3}.Debug|Any CPU.ActiveCfg = Debug|Any CPU
		{61364A27-7BEE-409B-B0C7-467E93F19AA3}.Debug|Any CPU.Build.0 = Debug|Any CPU
		{61364A27-7BEE-409B-B0C7-467E93F19AA3}.Release|Any CPU.ActiveCfg = Release|Any CPU
		{61364A27-7BEE-409B-B0C7-467E93F19AA3}.Release|Any CPU.Build.0 = Release|Any CPU
		{DCDC5183-BCCD-4A8A-80DB-3CD74299C52F}.Debug|Any CPU.ActiveCfg = Debug|Any CPU
		{DCDC5183-BCCD-4A8A-80DB-3CD74299C52F}.Debug|Any CPU.Build.0 = Debug|Any CPU
		{DCDC5183-BCCD-4A8A-80DB-3CD74299C52F}.Release|Any CPU.ActiveCfg = Release|Any CPU
		{DCDC5183-BCCD-4A8A-80DB-3CD74299C52F}.Release|Any CPU.Build.0 = Release|Any CPU
	EndGlobalSection
	GlobalSection(SolutionProperties) = preSolution
		HideSolutionNode = FALSE
	EndGlobalSection
	GlobalSection(ExtensibilityGlobals) = postSolution
		SolutionGuid = {4BF02263-3EB3-4D9B-96EE-2E2C5A6EF7F4}
	EndGlobalSection
EndGlobal
